
Microsoft Visual Studio Solution File, Format Version 12.00
# Visual Studio Version 17
VisualStudioVersion = 17.0.31903.59
MinimumVisualStudioVersion = 10.0.40219.1
Project("{FAE04EC0-301F-11D3-BF4B-00C04F79EFBC}") = "CodeChallenge", "CodeChallenge\CodeChallenge.csproj", "{38276C91-FB30-4210-A0AD-6A2396E65466}"
EndProject
Project("{FAE04EC0-301F-11D3-BF4B-00C04F79EFBC}") = "CodeChallenge.Tests", "CodeChallenge.Tests\CodeChallenge.Tests.csproj", "{AA9FC194-BC13-4F36-AD97-CA8C4F42ED93}"
EndProject
Global
	GlobalSection(SolutionConfigurationPlatforms) = preSolution
		Debug|Any CPU = Debug|Any CPU
		Release|Any CPU = Release|Any CPU
	EndGlobalSection
	GlobalSection(SolutionProperties) = preSolution
		HideSolutionNode = FALSE
	EndGlobalSection
	GlobalSection(ProjectConfigurationPlatforms) = postSolution
		{38276C91-FB30-4210-A0AD-6A2396E65466}.Debug|Any CPU.ActiveCfg = Debug|Any CPU
		{38276C91-FB30-4210-A0AD-6A2396E65466}.Debug|Any CPU.Build.0 = Debug|Any CPU
		{38276C91-FB30-4210-A0AD-6A2396E65466}.Release|Any CPU.ActiveCfg = Release|Any CPU
		{38276C91-FB30-4210-A0AD-6A2396E65466}.Release|Any CPU.Build.0 = Release|Any CPU
		{AA9FC194-BC13-4F36-AD97-CA8C4F42ED93}.Debug|Any CPU.ActiveCfg = Debug|Any CPU
		{AA9FC194-BC13-4F36-AD97-CA8C4F42ED93}.Debug|Any CPU.Build.0 = Debug|Any CPU
		{AA9FC194-BC13-4F36-AD97-CA8C4F42ED93}.Release|Any CPU.ActiveCfg = Release|Any CPU
		{AA9FC194-BC13-4F36-AD97-CA8C4F42ED93}.Release|Any CPU.Build.0 = Release|Any CPU
	EndGlobalSection
EndGlobal
